
Microsoft Visual Studio Solution File, Format Version 12.00
# Visual Studio Version 17
VisualStudioVersion = 17.5.001.0
MinimumVisualStudioVersion = 10.0.40219.1
Project("{9A19103F-16F7-4668-BE54-9A1E7A4F7556}") = "guitar-shop", "guitar-shop.csproj", "{4B4969F3-9706-48B1-8AC6-D533E2E718F1}"
EndProject
Global
	GlobalSection(SolutionConfigurationPlatforms) = preSolution
		Debug|Any CPU = Debug|Any CPU
		Release|Any CPU = Release|Any CPU
	EndGlobalSection
	GlobalSection(ProjectConfigurationPlatforms) = postSolution
		{4B4969F3-9706-48B1-8AC6-D533E2E718F1}.Debug|Any CPU.ActiveCfg = Debug|Any CPU
		{4B4969F3-9706-48B1-8AC6-D533E2E718F1}.Debug|Any CPU.Build.0 = Debug|Any CPU
		{4B4969F3-9706-48B1-8AC6-D533E2E718F1}.Release|Any CPU.ActiveCfg = Release|Any CPU
		{4B4969F3-9706-48B1-8AC6-D533E2E718F1}.Release|Any CPU.Build.0 = Release|Any CPU
	EndGlobalSection
	GlobalSection(SolutionProperties) = preSolution
		HideSolutionNode = FALSE
	EndGlobalSection
	GlobalSection(ExtensibilityGlobals) = postSolution
		SolutionGuid = {ECEE4EE1-14AF-4B4C-A49C-69672A90DE42}
	EndGlobalSection
EndGlobal
